{
  "name": "Raz's React Project",
  "lockfileVersion": 2,
  "requires": true,
  "packages": {
    "": {
      "dependencies": {
        "is-valid-email": "^0.0.5"
      }
    },
    "node_modules/is-valid-email": {
      "version": "0.0.5",
      "resolved": "https://registry.npmjs.org/is-valid-email/-/is-valid-email-0.0.5.tgz",
      "integrity": "sha512-S4kGLCkv+oKjI7h8VaZRXcYjCkwItO/P5rkYdO4E61EoZIXqJbEQtkoG5dF4Vt36QOWUIbO4lil80Vau7GLUJw=="
    }
  },
  "dependencies": {
    "is-valid-email": {
      "version": "0.0.5",
      "resolved": "https://registry.npmjs.org/is-valid-email/-/is-valid-email-0.0.5.tgz",
      "integrity": "sha512-S4kGLCkv+oKjI7h8VaZRXcYjCkwItO/P5rkYdO4E61EoZIXqJbEQtkoG5dF4Vt36QOWUIbO4lil80Vau7GLUJw=="
    }
  }
}
